
Microsoft Visual Studio Solution File, Format Version 12.00
# Visual Studio Version 17
VisualStudioVersion = 17.4.33213.308
MinimumVisualStudioVersion = 10.0.40219.1
Project("{FAE04EC0-301F-11D3-BF4B-00C04F79EFBC}") = "DailyRutine.Application", "src\DailyRutine.Application\DailyRutine.Application\DailyRutine.Application.csproj", "{9EC5EF16-FD6B-4126-B309-331E1BB8777F}"
EndProject
Project("{2150E333-8FDC-42A3-9474-1A3956D46DE8}") = "DailyRutine", "DailyRutine", "{39751BCB-1C53-428D-8493-477C0252086F}"
EndProject
Project("{2150E333-8FDC-42A3-9474-1A3956D46DE8}") = "Mailer", "Mailer", "{98C77977-82AB-4B5C-9C63-8BD65A28B644}"
EndProject
Project("{2150E333-8FDC-42A3-9474-1A3956D46DE8}") = "Identity", "Identity", "{D858DBC7-587B-4E99-9409-0C96674B3EAF}"
EndProject
Project("{FAE04EC0-301F-11D3-BF4B-00C04F79EFBC}") = "DailyRutine.Domain", "src\DailyRutine.Domain\DailyRutine.Domain\DailyRutine.Domain.csproj", "{0CAC8511-965F-41BC-8295-59F2EF462B49}"
EndProject
Project("{FAE04EC0-301F-11D3-BF4B-00C04F79EFBC}") = "DailyRutine.Infrastructure", "src\DailyRutine.Infrastructure\DailyRutine.Infrastructure\DailyRutine.Infrastructure.csproj", "{3E092117-131B-41DF-BDE2-60D1DE006D53}"
EndProject
Project("{FAE04EC0-301F-11D3-BF4B-00C04F79EFBC}") = "DailyRutine.Persistence", "src\DailyRutine.Persistence\DailyRutine.Persistence\DailyRutine.Persistence.csproj", "{FD70CAC6-FADA-4DEF-BA30-1D61FB1708BC}"
EndProject
Project("{FAE04EC0-301F-11D3-BF4B-00C04F79EFBC}") = "DailyRutine.Shared", "src\DailyRutine.Shared\DailyRutine.Shared\DailyRutine.Shared.csproj", "{CBD61B55-EDD3-4A9C-BF3F-0EF39355945E}"
EndProject
Project("{FAE04EC0-301F-11D3-BF4B-00C04F79EFBC}") = "DailyRutine.Api", "src\DailyRutine.Api\DailyRutine.Api\DailyRutine.Api.csproj", "{0ADE881E-EBC0-4EFF-AB93-E59678C90D88}"
EndProject
Project("{FAE04EC0-301F-11D3-BF4B-00C04F79EFBC}") = "DailyRutine.Frontend", "src\DailyRutine.Frontend\DailyRutine.Frontend\DailyRutine.Frontend.csproj", "{580728FC-6D6B-4E29-A56E-3F6379D6376B}"
EndProject
Global
	GlobalSection(SolutionConfigurationPlatforms) = preSolution
		Debug|Any CPU = Debug|Any CPU
		Release|Any CPU = Release|Any CPU
	EndGlobalSection
	GlobalSection(ProjectConfigurationPlatforms) = postSolution
		{9EC5EF16-FD6B-4126-B309-331E1BB8777F}.Debug|Any CPU.ActiveCfg = Debug|Any CPU
		{9EC5EF16-FD6B-4126-B309-331E1BB8777F}.Debug|Any CPU.Build.0 = Debug|Any CPU
		{9EC5EF16-FD6B-4126-B309-331E1BB8777F}.Release|Any CPU.ActiveCfg = Release|Any CPU
		{9EC5EF16-FD6B-4126-B309-331E1BB8777F}.Release|Any CPU.Build.0 = Release|Any CPU
		{0CAC8511-965F-41BC-8295-59F2EF462B49}.Debug|Any CPU.ActiveCfg = Debug|Any CPU
		{0CAC8511-965F-41BC-8295-59F2EF462B49}.Debug|Any CPU.Build.0 = Debug|Any CPU
		{0CAC8511-965F-41BC-8295-59F2EF462B49}.Release|Any CPU.ActiveCfg = Release|Any CPU
		{0CAC8511-965F-41BC-8295-59F2EF462B49}.Release|Any CPU.Build.0 = Release|Any CPU
		{3E092117-131B-41DF-BDE2-60D1DE006D53}.Debug|Any CPU.ActiveCfg = Debug|Any CPU
		{3E092117-131B-41DF-BDE2-60D1DE006D53}.Debug|Any CPU.Build.0 = Debug|Any CPU
		{3E092117-131B-41DF-BDE2-60D1DE006D53}.Release|Any CPU.ActiveCfg = Release|Any CPU
		{3E092117-131B-41DF-BDE2-60D1DE006D53}.Release|Any CPU.Build.0 = Release|Any CPU
		{FD70CAC6-FADA-4DEF-BA30-1D61FB1708BC}.Debug|Any CPU.ActiveCfg = Debug|Any CPU
		{FD70CAC6-FADA-4DEF-BA30-1D61FB1708BC}.Debug|Any CPU.Build.0 = Debug|Any CPU
		{FD70CAC6-FADA-4DEF-BA30-1D61FB1708BC}.Release|Any CPU.ActiveCfg = Release|Any CPU
		{FD70CAC6-FADA-4DEF-BA30-1D61FB1708BC}.Release|Any CPU.Build.0 = Release|Any CPU
		{CBD61B55-EDD3-4A9C-BF3F-0EF39355945E}.Debug|Any CPU.ActiveCfg = Debug|Any CPU
		{CBD61B55-EDD3-4A9C-BF3F-0EF39355945E}.Debug|Any CPU.Build.0 = Debug|Any CPU
		{CBD61B55-EDD3-4A9C-BF3F-0EF39355945E}.Release|Any CPU.ActiveCfg = Release|Any CPU
		{CBD61B55-EDD3-4A9C-BF3F-0EF39355945E}.Release|Any CPU.Build.0 = Release|Any CPU
		{0ADE881E-EBC0-4EFF-AB93-E59678C90D88}.Debug|Any CPU.ActiveCfg = Debug|Any CPU
		{0ADE881E-EBC0-4EFF-AB93-E59678C90D88}.Debug|Any CPU.Build.0 = Debug|Any CPU
		{0ADE881E-EBC0-4EFF-AB93-E59678C90D88}.Release|Any CPU.ActiveCfg = Release|Any CPU
		{0ADE881E-EBC0-4EFF-AB93-E59678C90D88}.Release|Any CPU.Build.0 = Release|Any CPU
		{580728FC-6D6B-4E29-A56E-3F6379D6376B}.Debug|Any CPU.ActiveCfg = Debug|Any CPU
		{580728FC-6D6B-4E29-A56E-3F6379D6376B}.Debug|Any CPU.Build.0 = Debug|Any CPU
		{580728FC-6D6B-4E29-A56E-3F6379D6376B}.Release|Any CPU.ActiveCfg = Release|Any CPU
		{580728FC-6D6B-4E29-A56E-3F6379D6376B}.Release|Any CPU.Build.0 = Release|Any CPU
	EndGlobalSection
	GlobalSection(SolutionProperties) = preSolution
		HideSolutionNode = FALSE
	EndGlobalSection
	GlobalSection(NestedProjects) = preSolution
		{9EC5EF16-FD6B-4126-B309-331E1BB8777F} = {39751BCB-1C53-428D-8493-477C0252086F}
		{0CAC8511-965F-41BC-8295-59F2EF462B49} = {39751BCB-1C53-428D-8493-477C0252086F}
		{3E092117-131B-41DF-BDE2-60D1DE006D53} = {39751BCB-1C53-428D-8493-477C0252086F}
		{FD70CAC6-FADA-4DEF-BA30-1D61FB1708BC} = {39751BCB-1C53-428D-8493-477C0252086F}
		{CBD61B55-EDD3-4A9C-BF3F-0EF39355945E} = {39751BCB-1C53-428D-8493-477C0252086F}
		{0ADE881E-EBC0-4EFF-AB93-E59678C90D88} = {39751BCB-1C53-428D-8493-477C0252086F}
		{580728FC-6D6B-4E29-A56E-3F6379D6376B} = {39751BCB-1C53-428D-8493-477C0252086F}
	EndGlobalSection
	GlobalSection(ExtensibilityGlobals) = postSolution
		SolutionGuid = {BA6BF02D-7A2D-48B8-8127-36A0724AB64B}
	EndGlobalSection
EndGlobal
