
Microsoft Visual Studio Solution File, Format Version 12.00
# Visual Studio Version 17
VisualStudioVersion = 17.4.33213.308
MinimumVisualStudioVersion = 10.0.40219.1
Project("{2150E333-8FDC-42A3-9474-1A3956D46DE8}") = "DailyRutine", "DailyRutine", "{8998E91C-0C9D-48EB-99D4-086639CA40CB}"
EndProject
Project("{2150E333-8FDC-42A3-9474-1A3956D46DE8}") = "Identity", "Identity", "{9B2F1BDC-B8F8-4D24-B553-C842C355A63E}"
EndProject
Project("{2150E333-8FDC-42A3-9474-1A3956D46DE8}") = "Mailer", "Mailer", "{EF7E548A-4368-45A8-9330-D9BC6FAD4DEF}"
EndProject
Project("{9A19103F-16F7-4668-BE54-9A1E7A4F7556}") = "DailyRutine.Api", "DailyRutine.Api\DailyRutine.Api.csproj", "{B7A73192-BEEE-49C7-8075-69DE1AA13D5A}"
EndProject
Project("{9A19103F-16F7-4668-BE54-9A1E7A4F7556}") = "DailyRutine.Application", "DailyRutine.Application\DailyRutine.Application.csproj", "{1BD3C288-4F3B-437D-9CEC-1CA2DF29DB51}"
EndProject
Project("{9A19103F-16F7-4668-BE54-9A1E7A4F7556}") = "DailyRutine.Domain", "DailyRutine.Domain\DailyRutine.Domain.csproj", "{FE9262B6-F9C5-4BBC-8E35-5AAE1FC36077}"
EndProject
Project("{9A19103F-16F7-4668-BE54-9A1E7A4F7556}") = "DailyRutine.Frontend", "DailyRutine.Frontend\DailyRutine.Frontend.csproj", "{5752C278-153E-4B17-B276-5FF6015B8C4C}"
EndProject
Project("{9A19103F-16F7-4668-BE54-9A1E7A4F7556}") = "DailyRutine.Infrastructure", "DailyRutine.Infrastructure\DailyRutine.Infrastructure.csproj", "{66AF4807-A305-4BE3-905D-C9CDA3D961DE}"
EndProject
Project("{9A19103F-16F7-4668-BE54-9A1E7A4F7556}") = "DailyRutine.Shared", "DailyRutine.Shared\DailyRutine.Shared.csproj", "{170BD637-A911-4CB1-9C9A-C48FF8B2F283}"
EndProject
Project("{9A19103F-16F7-4668-BE54-9A1E7A4F7556}") = "DailyRutine.Persistence", "DailyRutine.Persistence\DailyRutine.Persistence.csproj", "{07A66D83-47D9-4B9E-8104-578F5DDD9048}"
EndProject
Project("{9A19103F-16F7-4668-BE54-9A1E7A4F7556}") = "Identity.Api", "Identity.Api\Identity.Api.csproj", "{8A9E214A-E009-4DB1-8ECD-57C036C6F491}"
EndProject
Project("{9A19103F-16F7-4668-BE54-9A1E7A4F7556}") = "Identity.Application", "Identity.Application\Identity.Application.csproj", "{F92AFCAB-B294-436C-9879-6A0C3D7ED7AE}"
EndProject
Project("{9A19103F-16F7-4668-BE54-9A1E7A4F7556}") = "Identity.Domain", "Identity.Domain\Identity.Domain.csproj", "{BA4EA0B9-20DC-499D-868A-82C2319F064D}"
EndProject
Project("{9A19103F-16F7-4668-BE54-9A1E7A4F7556}") = "Identity.Infrastructure", "Identity.Infrastructure\Identity.Infrastructure.csproj", "{BEAA2945-4770-456C-B3BA-A83E7586430B}"
EndProject
Project("{9A19103F-16F7-4668-BE54-9A1E7A4F7556}") = "Identity.Persistence", "Identity.Persistence\Identity.Persistence.csproj", "{F93FED0F-CF2B-43FF-9EEC-AAEF8BE19E60}"
EndProject
Project("{9A19103F-16F7-4668-BE54-9A1E7A4F7556}") = "Mailer.Api", "Mailer.Api\Mailer.Api.csproj", "{ED27EFC7-1162-4195-9FFA-AF8F8820F97B}"
EndProject
Project("{9A19103F-16F7-4668-BE54-9A1E7A4F7556}") = "Mailer.Application", "Mailer.Application\Mailer.Application.csproj", "{77D6C4A5-DE20-4ABD-BD2B-5C71225577CD}"
EndProject
Project("{9A19103F-16F7-4668-BE54-9A1E7A4F7556}") = "Mailer.Domain", "Mailer.Domain\Mailer.Domain.csproj", "{3766A5CA-1E18-40CF-8541-0A6A1C94F6CF}"
EndProject
Project("{9A19103F-16F7-4668-BE54-9A1E7A4F7556}") = "Mailer.Infrastructure", "Mailer.Infrastructure\Mailer.Infrastructure.csproj", "{6626EC8B-7BA5-45A4-B6F2-2965FCAA5BC9}"
EndProject
Project("{9A19103F-16F7-4668-BE54-9A1E7A4F7556}") = "Mailer.Persistence", "Mailer.Persistence\Mailer.Persistence.csproj", "{A736DFBF-902C-4853-8C0A-269ED63D19A9}"
EndProject
Project("{2150E333-8FDC-42A3-9474-1A3956D46DE8}") = "Shared", "Shared", "{96AE4F0D-6CA9-47CD-9E86-501DE1A893C1}"
EndProject
Project("{FAE04EC0-301F-11D3-BF4B-00C04F79EFBC}") = "DailyRoutine.Shared.Infrastructure", "Shared\DailyRoutine.Shared.Infrastructure\DailyRoutine.Shared.Infrastructure.csproj", "{A5EC9C87-4AEF-4AE9-B944-C8E01B330561}"
EndProject
Global
	GlobalSection(SolutionConfigurationPlatforms) = preSolution
		Debug|Any CPU = Debug|Any CPU
		Release|Any CPU = Release|Any CPU
	EndGlobalSection
	GlobalSection(ProjectConfigurationPlatforms) = postSolution
		{B7A73192-BEEE-49C7-8075-69DE1AA13D5A}.Debug|Any CPU.ActiveCfg = Debug|Any CPU
		{B7A73192-BEEE-49C7-8075-69DE1AA13D5A}.Debug|Any CPU.Build.0 = Debug|Any CPU
		{B7A73192-BEEE-49C7-8075-69DE1AA13D5A}.Release|Any CPU.ActiveCfg = Release|Any CPU
		{B7A73192-BEEE-49C7-8075-69DE1AA13D5A}.Release|Any CPU.Build.0 = Release|Any CPU
		{1BD3C288-4F3B-437D-9CEC-1CA2DF29DB51}.Debug|Any CPU.ActiveCfg = Debug|Any CPU
		{1BD3C288-4F3B-437D-9CEC-1CA2DF29DB51}.Debug|Any CPU.Build.0 = Debug|Any CPU
		{1BD3C288-4F3B-437D-9CEC-1CA2DF29DB51}.Release|Any CPU.ActiveCfg = Release|Any CPU
		{1BD3C288-4F3B-437D-9CEC-1CA2DF29DB51}.Release|Any CPU.Build.0 = Release|Any CPU
		{FE9262B6-F9C5-4BBC-8E35-5AAE1FC36077}.Debug|Any CPU.ActiveCfg = Debug|Any CPU
		{FE9262B6-F9C5-4BBC-8E35-5AAE1FC36077}.Debug|Any CPU.Build.0 = Debug|Any CPU
		{FE9262B6-F9C5-4BBC-8E35-5AAE1FC36077}.Release|Any CPU.ActiveCfg = Release|Any CPU
		{FE9262B6-F9C5-4BBC-8E35-5AAE1FC36077}.Release|Any CPU.Build.0 = Release|Any CPU
		{5752C278-153E-4B17-B276-5FF6015B8C4C}.Debug|Any CPU.ActiveCfg = Debug|Any CPU
		{5752C278-153E-4B17-B276-5FF6015B8C4C}.Debug|Any CPU.Build.0 = Debug|Any CPU
		{5752C278-153E-4B17-B276-5FF6015B8C4C}.Release|Any CPU.ActiveCfg = Release|Any CPU
		{5752C278-153E-4B17-B276-5FF6015B8C4C}.Release|Any CPU.Build.0 = Release|Any CPU
		{66AF4807-A305-4BE3-905D-C9CDA3D961DE}.Debug|Any CPU.ActiveCfg = Debug|Any CPU
		{66AF4807-A305-4BE3-905D-C9CDA3D961DE}.Debug|Any CPU.Build.0 = Debug|Any CPU
		{66AF4807-A305-4BE3-905D-C9CDA3D961DE}.Release|Any CPU.ActiveCfg = Release|Any CPU
		{66AF4807-A305-4BE3-905D-C9CDA3D961DE}.Release|Any CPU.Build.0 = Release|Any CPU
		{170BD637-A911-4CB1-9C9A-C48FF8B2F283}.Debug|Any CPU.ActiveCfg = Debug|Any CPU
		{170BD637-A911-4CB1-9C9A-C48FF8B2F283}.Debug|Any CPU.Build.0 = Debug|Any CPU
		{170BD637-A911-4CB1-9C9A-C48FF8B2F283}.Release|Any CPU.ActiveCfg = Release|Any CPU
		{170BD637-A911-4CB1-9C9A-C48FF8B2F283}.Release|Any CPU.Build.0 = Release|Any CPU
		{07A66D83-47D9-4B9E-8104-578F5DDD9048}.Debug|Any CPU.ActiveCfg = Debug|Any CPU
		{07A66D83-47D9-4B9E-8104-578F5DDD9048}.Debug|Any CPU.Build.0 = Debug|Any CPU
		{07A66D83-47D9-4B9E-8104-578F5DDD9048}.Release|Any CPU.ActiveCfg = Release|Any CPU
		{07A66D83-47D9-4B9E-8104-578F5DDD9048}.Release|Any CPU.Build.0 = Release|Any CPU
		{8A9E214A-E009-4DB1-8ECD-57C036C6F491}.Debug|Any CPU.ActiveCfg = Debug|Any CPU
		{8A9E214A-E009-4DB1-8ECD-57C036C6F491}.Debug|Any CPU.Build.0 = Debug|Any CPU
		{8A9E214A-E009-4DB1-8ECD-57C036C6F491}.Release|Any CPU.ActiveCfg = Release|Any CPU
		{8A9E214A-E009-4DB1-8ECD-57C036C6F491}.Release|Any CPU.Build.0 = Release|Any CPU
		{F92AFCAB-B294-436C-9879-6A0C3D7ED7AE}.Debug|Any CPU.ActiveCfg = Debug|Any CPU
		{F92AFCAB-B294-436C-9879-6A0C3D7ED7AE}.Debug|Any CPU.Build.0 = Debug|Any CPU
		{F92AFCAB-B294-436C-9879-6A0C3D7ED7AE}.Release|Any CPU.ActiveCfg = Release|Any CPU
		{F92AFCAB-B294-436C-9879-6A0C3D7ED7AE}.Release|Any CPU.Build.0 = Release|Any CPU
		{BA4EA0B9-20DC-499D-868A-82C2319F064D}.Debug|Any CPU.ActiveCfg = Debug|Any CPU
		{BA4EA0B9-20DC-499D-868A-82C2319F064D}.Debug|Any CPU.Build.0 = Debug|Any CPU
		{BA4EA0B9-20DC-499D-868A-82C2319F064D}.Release|Any CPU.ActiveCfg = Release|Any CPU
		{BA4EA0B9-20DC-499D-868A-82C2319F064D}.Release|Any CPU.Build.0 = Release|Any CPU
		{BEAA2945-4770-456C-B3BA-A83E7586430B}.Debug|Any CPU.ActiveCfg = Debug|Any CPU
		{BEAA2945-4770-456C-B3BA-A83E7586430B}.Debug|Any CPU.Build.0 = Debug|Any CPU
		{BEAA2945-4770-456C-B3BA-A83E7586430B}.Release|Any CPU.ActiveCfg = Release|Any CPU
		{BEAA2945-4770-456C-B3BA-A83E7586430B}.Release|Any CPU.Build.0 = Release|Any CPU
		{F93FED0F-CF2B-43FF-9EEC-AAEF8BE19E60}.Debug|Any CPU.ActiveCfg = Debug|Any CPU
		{F93FED0F-CF2B-43FF-9EEC-AAEF8BE19E60}.Debug|Any CPU.Build.0 = Debug|Any CPU
		{F93FED0F-CF2B-43FF-9EEC-AAEF8BE19E60}.Release|Any CPU.ActiveCfg = Release|Any CPU
		{F93FED0F-CF2B-43FF-9EEC-AAEF8BE19E60}.Release|Any CPU.Build.0 = Release|Any CPU
		{ED27EFC7-1162-4195-9FFA-AF8F8820F97B}.Debug|Any CPU.ActiveCfg = Debug|Any CPU
		{ED27EFC7-1162-4195-9FFA-AF8F8820F97B}.Debug|Any CPU.Build.0 = Debug|Any CPU
		{ED27EFC7-1162-4195-9FFA-AF8F8820F97B}.Release|Any CPU.ActiveCfg = Release|Any CPU
		{ED27EFC7-1162-4195-9FFA-AF8F8820F97B}.Release|Any CPU.Build.0 = Release|Any CPU
		{77D6C4A5-DE20-4ABD-BD2B-5C71225577CD}.Debug|Any CPU.ActiveCfg = Debug|Any CPU
		{77D6C4A5-DE20-4ABD-BD2B-5C71225577CD}.Debug|Any CPU.Build.0 = Debug|Any CPU
		{77D6C4A5-DE20-4ABD-BD2B-5C71225577CD}.Release|Any CPU.ActiveCfg = Release|Any CPU
		{77D6C4A5-DE20-4ABD-BD2B-5C71225577CD}.Release|Any CPU.Build.0 = Release|Any CPU
		{3766A5CA-1E18-40CF-8541-0A6A1C94F6CF}.Debug|Any CPU.ActiveCfg = Debug|Any CPU
		{3766A5CA-1E18-40CF-8541-0A6A1C94F6CF}.Debug|Any CPU.Build.0 = Debug|Any CPU
		{3766A5CA-1E18-40CF-8541-0A6A1C94F6CF}.Release|Any CPU.ActiveCfg = Release|Any CPU
		{3766A5CA-1E18-40CF-8541-0A6A1C94F6CF}.Release|Any CPU.Build.0 = Release|Any CPU
		{6626EC8B-7BA5-45A4-B6F2-2965FCAA5BC9}.Debug|Any CPU.ActiveCfg = Debug|Any CPU
		{6626EC8B-7BA5-45A4-B6F2-2965FCAA5BC9}.Debug|Any CPU.Build.0 = Debug|Any CPU
		{6626EC8B-7BA5-45A4-B6F2-2965FCAA5BC9}.Release|Any CPU.ActiveCfg = Release|Any CPU
		{6626EC8B-7BA5-45A4-B6F2-2965FCAA5BC9}.Release|Any CPU.Build.0 = Release|Any CPU
		{A736DFBF-902C-4853-8C0A-269ED63D19A9}.Debug|Any CPU.ActiveCfg = Debug|Any CPU
		{A736DFBF-902C-4853-8C0A-269ED63D19A9}.Debug|Any CPU.Build.0 = Debug|Any CPU
		{A736DFBF-902C-4853-8C0A-269ED63D19A9}.Release|Any CPU.ActiveCfg = Release|Any CPU
		{A736DFBF-902C-4853-8C0A-269ED63D19A9}.Release|Any CPU.Build.0 = Release|Any CPU
		{A5EC9C87-4AEF-4AE9-B944-C8E01B330561}.Debug|Any CPU.ActiveCfg = Debug|Any CPU
		{A5EC9C87-4AEF-4AE9-B944-C8E01B330561}.Debug|Any CPU.Build.0 = Debug|Any CPU
		{A5EC9C87-4AEF-4AE9-B944-C8E01B330561}.Release|Any CPU.ActiveCfg = Release|Any CPU
		{A5EC9C87-4AEF-4AE9-B944-C8E01B330561}.Release|Any CPU.Build.0 = Release|Any CPU
	EndGlobalSection
	GlobalSection(SolutionProperties) = preSolution
		HideSolutionNode = FALSE
	EndGlobalSection
	GlobalSection(NestedProjects) = preSolution
		{B7A73192-BEEE-49C7-8075-69DE1AA13D5A} = {8998E91C-0C9D-48EB-99D4-086639CA40CB}
		{1BD3C288-4F3B-437D-9CEC-1CA2DF29DB51} = {8998E91C-0C9D-48EB-99D4-086639CA40CB}
		{FE9262B6-F9C5-4BBC-8E35-5AAE1FC36077} = {8998E91C-0C9D-48EB-99D4-086639CA40CB}
		{5752C278-153E-4B17-B276-5FF6015B8C4C} = {8998E91C-0C9D-48EB-99D4-086639CA40CB}
		{66AF4807-A305-4BE3-905D-C9CDA3D961DE} = {8998E91C-0C9D-48EB-99D4-086639CA40CB}
		{170BD637-A911-4CB1-9C9A-C48FF8B2F283} = {8998E91C-0C9D-48EB-99D4-086639CA40CB}
		{07A66D83-47D9-4B9E-8104-578F5DDD9048} = {8998E91C-0C9D-48EB-99D4-086639CA40CB}
		{8A9E214A-E009-4DB1-8ECD-57C036C6F491} = {9B2F1BDC-B8F8-4D24-B553-C842C355A63E}
		{F92AFCAB-B294-436C-9879-6A0C3D7ED7AE} = {9B2F1BDC-B8F8-4D24-B553-C842C355A63E}
		{BA4EA0B9-20DC-499D-868A-82C2319F064D} = {9B2F1BDC-B8F8-4D24-B553-C842C355A63E}
		{BEAA2945-4770-456C-B3BA-A83E7586430B} = {9B2F1BDC-B8F8-4D24-B553-C842C355A63E}
		{F93FED0F-CF2B-43FF-9EEC-AAEF8BE19E60} = {9B2F1BDC-B8F8-4D24-B553-C842C355A63E}
		{ED27EFC7-1162-4195-9FFA-AF8F8820F97B} = {EF7E548A-4368-45A8-9330-D9BC6FAD4DEF}
		{77D6C4A5-DE20-4ABD-BD2B-5C71225577CD} = {EF7E548A-4368-45A8-9330-D9BC6FAD4DEF}
		{3766A5CA-1E18-40CF-8541-0A6A1C94F6CF} = {EF7E548A-4368-45A8-9330-D9BC6FAD4DEF}
		{6626EC8B-7BA5-45A4-B6F2-2965FCAA5BC9} = {EF7E548A-4368-45A8-9330-D9BC6FAD4DEF}
		{A736DFBF-902C-4853-8C0A-269ED63D19A9} = {EF7E548A-4368-45A8-9330-D9BC6FAD4DEF}
		{A5EC9C87-4AEF-4AE9-B944-C8E01B330561} = {96AE4F0D-6CA9-47CD-9E86-501DE1A893C1}
	EndGlobalSection
	GlobalSection(ExtensibilityGlobals) = postSolution
		SolutionGuid = {06B1DC01-125F-42AE-8910-7CF4E45BB26A}
	EndGlobalSection
EndGlobal
